// !$*UTF8*$!
{
	archiveVersion = 1;
	classes = {
	};
	objectVersion = 46;
	objects = {

/* Begin PBXBuildFile section */
		11037A6F1CBA4BB300286F48 /* navDefault.swift in Sources */ = {isa = PBXBuildFile; fileRef = 11037A6E1CBA4BB300286F48 /* navDefault.swift */; };
		11037A711CBA4BC400286F48 /* LoginProcess_function.swift in Sources */ = {isa = PBXBuildFile; fileRef = 11037A701CBA4BC400286F48 /* LoginProcess_function.swift */; };
		11037A731CBA4BED00286F48 /* PreLoginWebView.swift in Sources */ = {isa = PBXBuildFile; fileRef = 11037A721CBA4BED00286F48 /* PreLoginWebView.swift */; };
		11037A751CBA4BFD00286F48 /* LogoutProcess_function.swift in Sources */ = {isa = PBXBuildFile; fileRef = 11037A741CBA4BFD00286F48 /* LogoutProcess_function.swift */; };
		11037A771CBA4C1500286F48 /* itemDetail_controller.swift in Sources */ = {isa = PBXBuildFile; fileRef = 11037A761CBA4C1500286F48 /* itemDetail_controller.swift */; };
		1139754E1CB93B6B00034F80 /* settingsPage_controller.swift in Sources */ = {isa = PBXBuildFile; fileRef = 1139754D1CB93B6B00034F80 /* settingsPage_controller.swift */; };
		113975521CB9562100034F80 /* AboutUS_controller.swift in Sources */ = {isa = PBXBuildFile; fileRef = 113975511CB9562100034F80 /* AboutUS_controller.swift */; };
		114CCEC21CAE4A3800DEE0B4 /* AppDelegate.swift in Sources */ = {isa = PBXBuildFile; fileRef = 114CCEC11CAE4A3800DEE0B4 /* AppDelegate.swift */; };
		114CCEC41CAE4A3800DEE0B4 /* EventMain_controller.swift in Sources */ = {isa = PBXBuildFile; fileRef = 114CCEC31CAE4A3800DEE0B4 /* EventMain_controller.swift */; };
		114CCEC61CAE4A3800DEE0B4 /* Login_controller.swift in Sources */ = {isa = PBXBuildFile; fileRef = 114CCEC51CAE4A3800DEE0B4 /* Login_controller.swift */; };
		114CCEC91CAE4A3800DEE0B4 /* Main.storyboard in Resources */ = {isa = PBXBuildFile; fileRef = 114CCEC71CAE4A3800DEE0B4 /* Main.storyboard */; };
		114CCECB1CAE4A3800DEE0B4 /* Assets.xcassets in Resources */ = {isa = PBXBuildFile; fileRef = 114CCECA1CAE4A3800DEE0B4 /* Assets.xcassets */; };
		114CCECE1CAE4A3800DEE0B4 /* LaunchScreen.storyboard in Resources */ = {isa = PBXBuildFile; fileRef = 114CCECC1CAE4A3800DEE0B4 /* LaunchScreen.storyboard */; };
		114CCED61CAE5BED00DEE0B4 /* mainlList_controller.swift in Sources */ = {isa = PBXBuildFile; fileRef = 114CCED51CAE5BED00DEE0B4 /* mainlList_controller.swift */; };
		114CCED81CAE70D100DEE0B4 /* mainList_cell.swift in Sources */ = {isa = PBXBuildFile; fileRef = 114CCED71CAE70D100DEE0B4 /* mainList_cell.swift */; };
		114CCEDA1CAE874900DEE0B4 /* courseItems_controller.swift in Sources */ = {isa = PBXBuildFile; fileRef = 114CCED91CAE874900DEE0B4 /* courseItems_controller.swift */; };
		114CCEDC1CAE878700DEE0B4 /* courseItems_cell.swift in Sources */ = {isa = PBXBuildFile; fileRef = 114CCEDB1CAE878700DEE0B4 /* courseItems_cell.swift */; };
		11B3C3031CB3B9AE00C0495E /* PrepareLogin_controller.swift in Sources */ = {isa = PBXBuildFile; fileRef = 11B3C3021CB3B9AE00C0495E /* PrepareLogin_controller.swift */; };
/* End PBXBuildFile section */

/* Begin PBXFileReference section */
		11037A6E1CBA4BB300286F48 /* navDefault.swift */ = {isa = PBXFileReference; fileEncoding = 4; lastKnownFileType = sourcecode.swift; name = navDefault.swift; path = AlphaCamp_mainApp/navDefault.swift; sourceTree = "<group>"; };
		11037A701CBA4BC400286F48 /* LoginProcess_function.swift */ = {isa = PBXFileReference; fileEncoding = 4; lastKnownFileType = sourcecode.swift; name = LoginProcess_function.swift; path = AlphaCamp_mainApp/LoginProcess_function.swift; sourceTree = "<group>"; };
		11037A721CBA4BED00286F48 /* PreLoginWebView.swift */ = {isa = PBXFileReference; fileEncoding = 4; lastKnownFileType = sourcecode.swift; name = PreLoginWebView.swift; path = AlphaCamp_mainApp/PreLoginWebView.swift; sourceTree = "<group>"; };
		11037A741CBA4BFD00286F48 /* LogoutProcess_function.swift */ = {isa = PBXFileReference; fileEncoding = 4; lastKnownFileType = sourcecode.swift; name = LogoutProcess_function.swift; path = AlphaCamp_mainApp/LogoutProcess_function.swift; sourceTree = "<group>"; };
		11037A761CBA4C1500286F48 /* itemDetail_controller.swift */ = {isa = PBXFileReference; fileEncoding = 4; lastKnownFileType = sourcecode.swift; name = itemDetail_controller.swift; path = AlphaCamp_mainApp/itemDetail_controller.swift; sourceTree = "<group>"; };
		1139754D1CB93B6B00034F80 /* settingsPage_controller.swift */ = {isa = PBXFileReference; fileEncoding = 4; lastKnownFileType = sourcecode.swift; path = settingsPage_controller.swift; sourceTree = "<group>"; };
		113975511CB9562100034F80 /* AboutUS_controller.swift */ = {isa = PBXFileReference; fileEncoding = 4; lastKnownFileType = sourcecode.swift; path = AboutUS_controller.swift; sourceTree = "<group>"; };
		114CCEBE1CAE4A3800DEE0B4 /* AlphaCamp_mainApp.app */ = {isa = PBXFileReference; explicitFileType = wrapper.application; includeInIndex = 0; path = AlphaCamp_mainApp.app; sourceTree = BUILT_PRODUCTS_DIR; };
		114CCEC11CAE4A3800DEE0B4 /* AppDelegate.swift */ = {isa = PBXFileReference; lastKnownFileType = sourcecode.swift; path = AppDelegate.swift; sourceTree = "<group>"; };
		114CCEC31CAE4A3800DEE0B4 /* EventMain_controller.swift */ = {isa = PBXFileReference; lastKnownFileType = sourcecode.swift; path = EventMain_controller.swift; sourceTree = "<group>"; };
		114CCEC51CAE4A3800DEE0B4 /* Login_controller.swift */ = {isa = PBXFileReference; lastKnownFileType = sourcecode.swift; name = Login_controller.swift; path = AlphaCamp_mainApp/Login_controller.swift; sourceTree = "<group>"; };
		114CCEC81CAE4A3800DEE0B4 /* Base */ = {isa = PBXFileReference; lastKnownFileType = file.storyboard; name = Base; path = Base.lproj/Main.storyboard; sourceTree = "<group>"; };
		114CCECA1CAE4A3800DEE0B4 /* Assets.xcassets */ = {isa = PBXFileReference; lastKnownFileType = folder.assetcatalog; path = Assets.xcassets; sourceTree = "<group>"; };
		114CCECD1CAE4A3800DEE0B4 /* Base */ = {isa = PBXFileReference; lastKnownFileType = file.storyboard; name = Base; path = Base.lproj/LaunchScreen.storyboard; sourceTree = "<group>"; };
		114CCECF1CAE4A3800DEE0B4 /* Info.plist */ = {isa = PBXFileReference; lastKnownFileType = text.plist.xml; path = Info.plist; sourceTree = "<group>"; };
		114CCED51CAE5BED00DEE0B4 /* mainlList_controller.swift */ = {isa = PBXFileReference; fileEncoding = 4; lastKnownFileType = sourcecode.swift; name = mainlList_controller.swift; path = AlphaCamp_mainApp/mainlList_controller.swift; sourceTree = "<group>"; };
		114CCED71CAE70D100DEE0B4 /* mainList_cell.swift */ = {isa = PBXFileReference; fileEncoding = 4; lastKnownFileType = sourcecode.swift; name = mainList_cell.swift; path = AlphaCamp_mainApp/mainList_cell.swift; sourceTree = "<group>"; };
		114CCED91CAE874900DEE0B4 /* courseItems_controller.swift */ = {isa = PBXFileReference; fileEncoding = 4; lastKnownFileType = sourcecode.swift; name = courseItems_controller.swift; path = AlphaCamp_mainApp/courseItems_controller.swift; sourceTree = "<group>"; };
		114CCEDB1CAE878700DEE0B4 /* courseItems_cell.swift */ = {isa = PBXFileReference; fileEncoding = 4; lastKnownFileType = sourcecode.swift; name = courseItems_cell.swift; path = AlphaCamp_mainApp/courseItems_cell.swift; sourceTree = "<group>"; };
		11B3C3021CB3B9AE00C0495E /* PrepareLogin_controller.swift */ = {isa = PBXFileReference; fileEncoding = 4; lastKnownFileType = sourcecode.swift; name = PrepareLogin_controller.swift; path = AlphaCamp_mainApp/PrepareLogin_controller.swift; sourceTree = "<group>"; };
/* End PBXFileReference section */

/* Begin PBXFrameworksBuildPhase section */
		114CCEBB1CAE4A3800DEE0B4 /* Frameworks */ = {
			isa = PBXFrameworksBuildPhase;
			buildActionMask = 2147483647;
			files = (
			);
			runOnlyForDeploymentPostprocessing = 0;
		};
/* End PBXFrameworksBuildPhase section */

/* Begin PBXGroup section */
		113975431CB8F64600034F80 /* Logout */ = {
			isa = PBXGroup;
			children = (
				11037A741CBA4BFD00286F48 /* LogoutProcess_function.swift */,
			);
			name = Logout;
			path = ..;
			sourceTree = "<group>";
		};
		113975481CB9052E00034F80 /* Navigation Bar Appearance */ = {
			isa = PBXGroup;
			children = (
				11037A6E1CBA4BB300286F48 /* navDefault.swift */,
			);
			name = "Navigation Bar Appearance";
			path = ..;
			sourceTree = "<group>";
		};
		1139754B1CB93A8B00034F80 /* Settings */ = {
			isa = PBXGroup;
			children = (
				1139754C1CB93B4400034F80 /* Setting */,
				113975481CB9052E00034F80 /* Navigation Bar Appearance */,
				11B3C3011CB3B4E300C0495E /* Login */,
				113975431CB8F64600034F80 /* Logout */,
			);
			name = Settings;
			sourceTree = "<group>";
		};
		1139754C1CB93B4400034F80 /* Setting */ = {
			isa = PBXGroup;
			children = (
				1139754D1CB93B6B00034F80 /* settingsPage_controller.swift */,
			);
			name = Setting;
			sourceTree = "<group>";
		};
		1139754F1CB9522800034F80 /* Event */ = {
			isa = PBXGroup;
			children = (
				114CCEC31CAE4A3800DEE0B4 /* EventMain_controller.swift */,
			);
			name = Event;
			sourceTree = "<group>";
		};
		113975501CB955F700034F80 /* About Us */ = {
			isa = PBXGroup;
			children = (
				113975511CB9562100034F80 /* AboutUS_controller.swift */,
			);
			name = "About Us";
			sourceTree = "<group>";
		};
		114B77DE1CB6B530003994E9 /* Item Detail */ = {
			isa = PBXGroup;
			children = (
				11037A761CBA4C1500286F48 /* itemDetail_controller.swift */,
			);
			name = "Item Detail";
			sourceTree = "<group>";
		};
		114CCEB51CAE4A3800DEE0B4 = {
			isa = PBXGroup;
			children = (
				114CCEC01CAE4A3800DEE0B4 /* AlphaCamp_mainApp */,
				114CCEBF1CAE4A3800DEE0B4 /* Products */,
			);
			sourceTree = "<group>";
		};
		114CCEBF1CAE4A3800DEE0B4 /* Products */ = {
			isa = PBXGroup;
			children = (
				114CCEBE1CAE4A3800DEE0B4 /* AlphaCamp_mainApp.app */,
			);
			name = Products;
			sourceTree = "<group>";
		};
		114CCEC01CAE4A3800DEE0B4 /* AlphaCamp_mainApp */ = {
			isa = PBXGroup;
			children = (
				1139754B1CB93A8B00034F80 /* Settings */,
				11B3C3001CB3B4C200C0495E /* Class */,
				114CCEC11CAE4A3800DEE0B4 /* AppDelegate.swift */,
				113975501CB955F700034F80 /* About Us */,
				1139754F1CB9522800034F80 /* Event */,
				114CCEC71CAE4A3800DEE0B4 /* Main.storyboard */,
				114CCECA1CAE4A3800DEE0B4 /* Assets.xcassets */,
				114CCECC1CAE4A3800DEE0B4 /* LaunchScreen.storyboard */,
				114CCECF1CAE4A3800DEE0B4 /* Info.plist */,
			);
			path = AlphaCamp_mainApp;
			sourceTree = "<group>";
		};
		11B3C3001CB3B4C200C0495E /* Class */ = {
			isa = PBXGroup;
			children = (
				11B3C3061CB3D47900C0495E /* Main */,
				114CCED51CAE5BED00DEE0B4 /* mainlList_controller.swift */,
				114CCED71CAE70D100DEE0B4 /* mainList_cell.swift */,
			);
			name = Class;
			path = ..;
			sourceTree = "<group>";
		};
		11B3C3011CB3B4E300C0495E /* Login */ = {
			isa = PBXGroup;
			children = (
				11037A701CBA4BC400286F48 /* LoginProcess_function.swift */,
				11B3C3021CB3B9AE00C0495E /* PrepareLogin_controller.swift */,
				114CCEC51CAE4A3800DEE0B4 /* Login_controller.swift */,
				11037A721CBA4BED00286F48 /* PreLoginWebView.swift */,
			);
			name = Login;
			path = ..;
			sourceTree = "<group>";
		};
		11B3C3061CB3D47900C0495E /* Main */ = {
			isa = PBXGroup;
			children = (
				11B3C3071CB4070E00C0495E /* Coure items */,
			);
			name = Main;
			sourceTree = "<group>";
		};
		11B3C3071CB4070E00C0495E /* Coure items */ = {
			isa = PBXGroup;
			children = (
				114B77DE1CB6B530003994E9 /* Item Detail */,
				114CCEDB1CAE878700DEE0B4 /* courseItems_cell.swift */,
				114CCED91CAE874900DEE0B4 /* courseItems_controller.swift */,
			);
			name = "Coure items";
			sourceTree = "<group>";
		};
/* End PBXGroup section */

/* Begin PBXNativeTarget section */
		114CCEBD1CAE4A3800DEE0B4 /* AlphaCamp_mainApp */ = {
			isa = PBXNativeTarget;
			buildConfigurationList = 114CCED21CAE4A3800DEE0B4 /* Build configuration list for PBXNativeTarget "AlphaCamp_mainApp" */;
			buildPhases = (
				114CCEBA1CAE4A3800DEE0B4 /* Sources */,
				114CCEBB1CAE4A3800DEE0B4 /* Frameworks */,
				114CCEBC1CAE4A3800DEE0B4 /* Resources */,
			);
			buildRules = (
			);
			dependencies = (
			);
			name = AlphaCamp_mainApp;
			productName = AlphaCamp_mainApp;
			productReference = 114CCEBE1CAE4A3800DEE0B4 /* AlphaCamp_mainApp.app */;
			productType = "com.apple.product-type.application";
		};
/* End PBXNativeTarget section */

/* Begin PBXProject section */
		114CCEB61CAE4A3800DEE0B4 /* Project object */ = {
			isa = PBXProject;
			attributes = {
				LastSwiftUpdateCheck = 0730;
				LastUpgradeCheck = 0730;
				ORGANIZATIONNAME = "Ka Ho";
				TargetAttributes = {
					114CCEBD1CAE4A3800DEE0B4 = {
						CreatedOnToolsVersion = 7.3;
					};
				};
			};
			buildConfigurationList = 114CCEB91CAE4A3800DEE0B4 /* Build configuration list for PBXProject "AlphaCamp_mainApp" */;
			compatibilityVersion = "Xcode 3.2";
			developmentRegion = English;
			hasScannedForEncodings = 0;
			knownRegions = (
				en,
				Base,
			);
			mainGroup = 114CCEB51CAE4A3800DEE0B4;
			productRefGroup = 114CCEBF1CAE4A3800DEE0B4 /* Products */;
			projectDirPath = "";
			projectRoot = "";
			targets = (
				114CCEBD1CAE4A3800DEE0B4 /* AlphaCamp_mainApp */,
			);
		};
/* End PBXProject section */

/* Begin PBXResourcesBuildPhase section */
		114CCEBC1CAE4A3800DEE0B4 /* Resources */ = {
			isa = PBXResourcesBuildPhase;
			buildActionMask = 2147483647;
			files = (
				114CCECE1CAE4A3800DEE0B4 /* LaunchScreen.storyboard in Resources */,
				114CCECB1CAE4A3800DEE0B4 /* Assets.xcassets in Resources */,
				114CCEC91CAE4A3800DEE0B4 /* Main.storyboard in Resources */,
			);
			runOnlyForDeploymentPostprocessing = 0;
		};
/* End PBXResourcesBuildPhase section */

/* Begin PBXSourcesBuildPhase section */
		114CCEBA1CAE4A3800DEE0B4 /* Sources */ = {
			isa = PBXSourcesBuildPhase;
			buildActionMask = 2147483647;
			files = (
				114CCED81CAE70D100DEE0B4 /* mainList_cell.swift in Sources */,
				114CCEC61CAE4A3800DEE0B4 /* Login_controller.swift in Sources */,
				11037A711CBA4BC400286F48 /* LoginProcess_function.swift in Sources */,
				114CCED61CAE5BED00DEE0B4 /* mainlList_controller.swift in Sources */,
				11037A751CBA4BFD00286F48 /* LogoutProcess_function.swift in Sources */,
				11037A6F1CBA4BB300286F48 /* navDefault.swift in Sources */,
				114CCEDC1CAE878700DEE0B4 /* courseItems_cell.swift in Sources */,
				113975521CB9562100034F80 /* AboutUS_controller.swift in Sources */,
				11037A731CBA4BED00286F48 /* PreLoginWebView.swift in Sources */,
				114CCEDA1CAE874900DEE0B4 /* courseItems_controller.swift in Sources */,
				1139754E1CB93B6B00034F80 /* settingsPage_controller.swift in Sources */,
				11037A771CBA4C1500286F48 /* itemDetail_controller.swift in Sources */,
				11B3C3031CB3B9AE00C0495E /* PrepareLogin_controller.swift in Sources */,
				114CCEC21CAE4A3800DEE0B4 /* AppDelegate.swift in Sources */,
				114CCEC41CAE4A3800DEE0B4 /* EventMain_controller.swift in Sources */,
			);
			runOnlyForDeploymentPostprocessing = 0;
		};
/* End PBXSourcesBuildPhase section */

/* Begin PBXVariantGroup section */
		114CCEC71CAE4A3800DEE0B4 /* Main.storyboard */ = {
			isa = PBXVariantGroup;
			children = (
				114CCEC81CAE4A3800DEE0B4 /* Base */,
			);
			name = Main.storyboard;
			sourceTree = "<group>";
		};
		114CCECC1CAE4A3800DEE0B4 /* LaunchScreen.storyboard */ = {
			isa = PBXVariantGroup;
			children = (
				114CCECD1CAE4A3800DEE0B4 /* Base */,
			);
			name = LaunchScreen.storyboard;
			sourceTree = "<group>";
		};
/* End PBXVariantGroup section */

/* Begin XCBuildConfiguration section */
		114CCED01CAE4A3800DEE0B4 /* Debug */ = {
			isa = XCBuildConfiguration;
			buildSettings = {
				ALWAYS_SEARCH_USER_PATHS = NO;
				CLANG_ANALYZER_NONNULL = YES;
				CLANG_CXX_LANGUAGE_STANDARD = "gnu++0x";
				CLANG_CXX_LIBRARY = "libc++";
				CLANG_ENABLE_MODULES = YES;
				CLANG_ENABLE_OBJC_ARC = YES;
				CLANG_WARN_BOOL_CONVERSION = YES;
				CLANG_WARN_CONSTANT_CONVERSION = YES;
				CLANG_WARN_DIRECT_OBJC_ISA_USAGE = YES_ERROR;
				CLANG_WARN_EMPTY_BODY = YES;
				CLANG_WARN_ENUM_CONVERSION = YES;
				CLANG_WARN_INT_CONVERSION = YES;
				CLANG_WARN_OBJC_ROOT_CLASS = YES_ERROR;
				CLANG_WARN_UNREACHABLE_CODE = YES;
				CLANG_WARN__DUPLICATE_METHOD_MATCH = YES;
				"CODE_SIGN_IDENTITY[sdk=iphoneos*]" = "iPhone Developer";
				COPY_PHASE_STRIP = NO;
				DEBUG_INFORMATION_FORMAT = dwarf;
				ENABLE_STRICT_OBJC_MSGSEND = YES;
				ENABLE_TESTABILITY = YES;
				GCC_C_LANGUAGE_STANDARD = gnu99;
				GCC_DYNAMIC_NO_PIC = NO;
				GCC_NO_COMMON_BLOCKS = YES;
				GCC_OPTIMIZATION_LEVEL = 0;
				GCC_PREPROCESSOR_DEFINITIONS = (
					"DEBUG=1",
					"$(inherited)",
				);
				GCC_WARN_64_TO_32_BIT_CONVERSION = YES;
				GCC_WARN_ABOUT_RETURN_TYPE = YES_ERROR;
				GCC_WARN_UNDECLARED_SELECTOR = YES;
				GCC_WARN_UNINITIALIZED_AUTOS = YES_AGGRESSIVE;
				GCC_WARN_UNUSED_FUNCTION = YES;
				GCC_WARN_UNUSED_VARIABLE = YES;
				IPHONEOS_DEPLOYMENT_TARGET = 9.3;
				MTL_ENABLE_DEBUG_INFO = YES;
				ONLY_ACTIVE_ARCH = YES;
				SDKROOT = iphoneos;
				SWIFT_OPTIMIZATION_LEVEL = "-Onone";
				TARGETED_DEVICE_FAMILY = "1,2";
			};
			name = Debug;
		};
		114CCED11CAE4A3800DEE0B4 /* Release */ = {
			isa = XCBuildConfiguration;
			buildSettings = {
				ALWAYS_SEARCH_USER_PATHS = NO;
				CLANG_ANALYZER_NONNULL = YES;
				CLANG_CXX_LANGUAGE_STANDARD = "gnu++0x";
				CLANG_CXX_LIBRARY = "libc++";
				CLANG_ENABLE_MODULES = YES;
				CLANG_ENABLE_OBJC_ARC = YES;
				CLANG_WARN_BOOL_CONVERSION = YES;
				CLANG_WARN_CONSTANT_CONVERSION = YES;
				CLANG_WARN_DIRECT_OBJC_ISA_USAGE = YES_ERROR;
				CLANG_WARN_EMPTY_BODY = YES;
				CLANG_WARN_ENUM_CONVERSION = YES;
				CLANG_WARN_INT_CONVERSION = YES;
				CLANG_WARN_OBJC_ROOT_CLASS = YES_ERROR;
				CLANG_WARN_UNREACHABLE_CODE = YES;
				CLANG_WARN__DUPLICATE_METHOD_MATCH = YES;
				"CODE_SIGN_IDENTITY[sdk=iphoneos*]" = "iPhone Developer";
				COPY_PHASE_STRIP = NO;
				DEBUG_INFORMATION_FORMAT = "dwarf-with-dsym";
				ENABLE_NS_ASSERTIONS = NO;
				ENABLE_STRICT_OBJC_MSGSEND = YES;
				GCC_C_LANGUAGE_STANDARD = gnu99;
				GCC_NO_COMMON_BLOCKS = YES;
				GCC_WARN_64_TO_32_BIT_CONVERSION = YES;
				GCC_WARN_ABOUT_RETURN_TYPE = YES_ERROR;
				GCC_WARN_UNDECLARED_SELECTOR = YES;
				GCC_WARN_UNINITIALIZED_AUTOS = YES_AGGRESSIVE;
				GCC_WARN_UNUSED_FUNCTION = YES;
				GCC_WARN_UNUSED_VARIABLE = YES;
				IPHONEOS_DEPLOYMENT_TARGET = 9.3;
				MTL_ENABLE_DEBUG_INFO = NO;
				SDKROOT = iphoneos;
				TARGETED_DEVICE_FAMILY = "1,2";
				VALIDATE_PRODUCT = YES;
			};
			name = Release;
		};
		114CCED31CAE4A3800DEE0B4 /* Debug */ = {
			isa = XCBuildConfiguration;
			buildSettings = {
				ASSETCATALOG_COMPILER_APPICON_NAME = AppIcon;
				INFOPLIST_FILE = AlphaCamp_mainApp/Info.plist;
				LD_RUNPATH_SEARCH_PATHS = "$(inherited) @executable_path/Frameworks";
				PRODUCT_BUNDLE_IDENTIFIER = "net.kahopoon.AlphaCamp-mainApp";
				PRODUCT_NAME = "$(TARGET_NAME)";
			};
			name = Debug;
		};
		114CCED41CAE4A3800DEE0B4 /* Release */ = {
			isa = XCBuildConfiguration;
			buildSettings = {
				ASSETCATALOG_COMPILER_APPICON_NAME = AppIcon;
				INFOPLIST_FILE = AlphaCamp_mainApp/Info.plist;
				LD_RUNPATH_SEARCH_PATHS = "$(inherited) @executable_path/Frameworks";
				PRODUCT_BUNDLE_IDENTIFIER = "net.kahopoon.AlphaCamp-mainApp";
				PRODUCT_NAME = "$(TARGET_NAME)";
			};
			name = Release;
		};
/* End XCBuildConfiguration section */

/* Begin XCConfigurationList section */
		114CCEB91CAE4A3800DEE0B4 /* Build configuration list for PBXProject "AlphaCamp_mainApp" */ = {
			isa = XCConfigurationList;
			buildConfigurations = (
				114CCED01CAE4A3800DEE0B4 /* Debug */,
				114CCED11CAE4A3800DEE0B4 /* Release */,
			);
			defaultConfigurationIsVisible = 0;
			defaultConfigurationName = Release;
		};
		114CCED21CAE4A3800DEE0B4 /* Build configuration list for PBXNativeTarget "AlphaCamp_mainApp" */ = {
			isa = XCConfigurationList;
			buildConfigurations = (
				114CCED31CAE4A3800DEE0B4 /* Debug */,
				114CCED41CAE4A3800DEE0B4 /* Release */,
			);
			defaultConfigurationIsVisible = 0;
			defaultConfigurationName = Release;
		};
/* End XCConfigurationList section */
	};
	rootObject = 114CCEB61CAE4A3800DEE0B4 /* Project object */;
}
